
Microsoft Visual Studio Solution File, Format Version 12.00
# Visual Studio Version 17
VisualStudioVersion = 17.1.32407.343
MinimumVisualStudioVersion = 15.0.26124.0
Project("{9A19103F-16F7-4668-BE54-9A1E7A4F7556}") = "TCS.WebUI", "TCS.WebUI\TCS.WebUI.csproj", "{409D81B4-E951-4665-A4C8-3373861B666B}"
EndProject
Project("{9A19103F-16F7-4668-BE54-9A1E7A4F7556}") = "TCS.EF", "TCS.EF\TCS.EF.csproj", "{6E444813-6826-4858-9099-283FAA4B9701}"
EndProject
Project("{9A19103F-16F7-4668-BE54-9A1E7A4F7556}") = "INVENTORY.EF", "INVENTORY.EF\INVENTORY.EF.csproj", "{885488AE-A942-4856-B713-D3AA392F6A2E}"
EndProject
Project("{9A19103F-16F7-4668-BE54-9A1E7A4F7556}") = "REPOSITORY.EF", "REPOSITORY.EF\REPOSITORY.EF.csproj", "{B46042DF-251E-4C5D-B546-2F2BA9B6F177}"
EndProject
Project("{9A19103F-16F7-4668-BE54-9A1E7A4F7556}") = "INSPECTION.EF", "INSPECTION.EF\INSPECTION.EF.csproj", "{A10B5E10-B7C0-41A8-B043-BDC9598EE04C}"
EndProject
Project("{9A19103F-16F7-4668-BE54-9A1E7A4F7556}") = "SOFTLAND.EF", "SOFTLAND.EF\SOFTLAND.EF.csproj", "{76EFA01B-4C20-4CC1-876B-9FAC813B3515}"
EndProject
Project("{9A19103F-16F7-4668-BE54-9A1E7A4F7556}") = "ALARM.EF", "ALARM.EF\ALARM.EF.csproj", "{4816549D-C02A-4714-952D-3338F15D95BC}"
EndProject
Project("{FAE04EC0-301F-11D3-BF4B-00C04F79EFBC}") = "DEVTOOLS.EF", "DEVTOOLS.EF\DEVTOOLS.EF.csproj", "{BCD9C791-8784-4D1B-BECB-DD9E012469DF}"
EndProject
Global
	GlobalSection(SolutionConfigurationPlatforms) = preSolution
		Debug|Any CPU = Debug|Any CPU
		Release|Any CPU = Release|Any CPU
	EndGlobalSection
	GlobalSection(ProjectConfigurationPlatforms) = postSolution
		{409D81B4-E951-4665-A4C8-3373861B666B}.Debug|Any CPU.ActiveCfg = Debug|Any CPU
		{409D81B4-E951-4665-A4C8-3373861B666B}.Debug|Any CPU.Build.0 = Debug|Any CPU
		{409D81B4-E951-4665-A4C8-3373861B666B}.Release|Any CPU.ActiveCfg = Release|Any CPU
		{409D81B4-E951-4665-A4C8-3373861B666B}.Release|Any CPU.Build.0 = Release|Any CPU
		{6E444813-6826-4858-9099-283FAA4B9701}.Debug|Any CPU.ActiveCfg = Debug|Any CPU
		{6E444813-6826-4858-9099-283FAA4B9701}.Debug|Any CPU.Build.0 = Debug|Any CPU
		{6E444813-6826-4858-9099-283FAA4B9701}.Release|Any CPU.ActiveCfg = Release|Any CPU
		{6E444813-6826-4858-9099-283FAA4B9701}.Release|Any CPU.Build.0 = Release|Any CPU
		{885488AE-A942-4856-B713-D3AA392F6A2E}.Debug|Any CPU.ActiveCfg = Debug|Any CPU
		{885488AE-A942-4856-B713-D3AA392F6A2E}.Debug|Any CPU.Build.0 = Debug|Any CPU
		{885488AE-A942-4856-B713-D3AA392F6A2E}.Release|Any CPU.ActiveCfg = Release|Any CPU
		{885488AE-A942-4856-B713-D3AA392F6A2E}.Release|Any CPU.Build.0 = Release|Any CPU
		{B46042DF-251E-4C5D-B546-2F2BA9B6F177}.Debug|Any CPU.ActiveCfg = Debug|Any CPU
		{B46042DF-251E-4C5D-B546-2F2BA9B6F177}.Debug|Any CPU.Build.0 = Debug|Any CPU
		{B46042DF-251E-4C5D-B546-2F2BA9B6F177}.Release|Any CPU.ActiveCfg = Release|Any CPU
		{B46042DF-251E-4C5D-B546-2F2BA9B6F177}.Release|Any CPU.Build.0 = Release|Any CPU
		{A10B5E10-B7C0-41A8-B043-BDC9598EE04C}.Debug|Any CPU.ActiveCfg = Debug|Any CPU
		{A10B5E10-B7C0-41A8-B043-BDC9598EE04C}.Debug|Any CPU.Build.0 = Debug|Any CPU
		{A10B5E10-B7C0-41A8-B043-BDC9598EE04C}.Release|Any CPU.ActiveCfg = Release|Any CPU
		{A10B5E10-B7C0-41A8-B043-BDC9598EE04C}.Release|Any CPU.Build.0 = Release|Any CPU
		{76EFA01B-4C20-4CC1-876B-9FAC813B3515}.Debug|Any CPU.ActiveCfg = Debug|Any CPU
		{76EFA01B-4C20-4CC1-876B-9FAC813B3515}.Debug|Any CPU.Build.0 = Debug|Any CPU
		{76EFA01B-4C20-4CC1-876B-9FAC813B3515}.Release|Any CPU.ActiveCfg = Release|Any CPU
		{76EFA01B-4C20-4CC1-876B-9FAC813B3515}.Release|Any CPU.Build.0 = Release|Any CPU
		{4816549D-C02A-4714-952D-3338F15D95BC}.Debug|Any CPU.ActiveCfg = Debug|Any CPU
		{4816549D-C02A-4714-952D-3338F15D95BC}.Debug|Any CPU.Build.0 = Debug|Any CPU
		{4816549D-C02A-4714-952D-3338F15D95BC}.Release|Any CPU.ActiveCfg = Release|Any CPU
		{4816549D-C02A-4714-952D-3338F15D95BC}.Release|Any CPU.Build.0 = Release|Any CPU
		{BCD9C791-8784-4D1B-BECB-DD9E012469DF}.Debug|Any CPU.ActiveCfg = Debug|Any CPU
		{BCD9C791-8784-4D1B-BECB-DD9E012469DF}.Debug|Any CPU.Build.0 = Debug|Any CPU
		{BCD9C791-8784-4D1B-BECB-DD9E012469DF}.Release|Any CPU.ActiveCfg = Release|Any CPU
		{BCD9C791-8784-4D1B-BECB-DD9E012469DF}.Release|Any CPU.Build.0 = Release|Any CPU
	EndGlobalSection
	GlobalSection(SolutionProperties) = preSolution
		HideSolutionNode = FALSE
	EndGlobalSection
	GlobalSection(ExtensibilityGlobals) = postSolution
		SolutionGuid = {A629F572-4FEF-49B0-9D97-2A2D63A669A1}
	EndGlobalSection
EndGlobal
